
Microsoft Visual Studio Solution File, Format Version 12.00
# Visual Studio Version 16
VisualStudioVersion = 16.0.29324.140
MinimumVisualStudioVersion = 10.0.40219.1
Project("{FAE04EC0-301F-11D3-BF4B-00C04F79EFBC}") = "ExapleWebApp", "ExapleWebApp\ExapleWebApp.csproj", "{0F529939-97BD-4865-B0F3-9642319BFF52}"
EndProject
Global
	GlobalSection(SolutionConfigurationPlatforms) = preSolution
		Debug|Any CPU = Debug|Any CPU
		Release|Any CPU = Release|Any CPU
	EndGlobalSection
	GlobalSection(ProjectConfigurationPlatforms) = postSolution
		{0F529939-97BD-4865-B0F3-9642319BFF52}.Debug|Any CPU.ActiveCfg = Debug|Any CPU
		{0F529939-97BD-4865-B0F3-9642319BFF52}.Debug|Any CPU.Build.0 = Debug|Any CPU
		{0F529939-97BD-4865-B0F3-9642319BFF52}.Release|Any CPU.ActiveCfg = Release|Any CPU
		{0F529939-97BD-4865-B0F3-9642319BFF52}.Release|Any CPU.Build.0 = Release|Any CPU
	EndGlobalSection
	GlobalSection(SolutionProperties) = preSolution
		HideSolutionNode = FALSE
	EndGlobalSection
	GlobalSection(ExtensibilityGlobals) = postSolution
		SolutionGuid = {1B4B442E-F52D-4C4D-B432-FF5C5108786A}
	EndGlobalSection
EndGlobal
